
Microsoft Visual Studio Solution File, Format Version 12.00
# Visual Studio Version 17
VisualStudioVersion = 17.8.34322.80
MinimumVisualStudioVersion = 10.0.40219.1
Project("{FAE04EC0-301F-11D3-BF4B-00C04F79EFBC}") = "Course_Project", "Course_Project.csproj", "{6F9A05EA-84A9-4F9E-91DB-AA7C41575BF6}"
EndProject
Project("{FAE04EC0-301F-11D3-BF4B-00C04F79EFBC}") = "Education_Core", "..\Education_Core\Education_Core.csproj", "{C1227E61-3346-450F-A2AE-29F5C5D3D5FE}"
EndProject
Project("{FAE04EC0-301F-11D3-BF4B-00C04F79EFBC}") = "Education_Infrastrucure", "..\Education_Infrastrucure\Education_Infrastrucure.csproj", "{BB3D6EA6-CA3A-4A39-90C1-7F55FBA12372}"
EndProject
Global
	GlobalSection(SolutionConfigurationPlatforms) = preSolution
		Debug|Any CPU = Debug|Any CPU
		Release|Any CPU = Release|Any CPU
	EndGlobalSection
	GlobalSection(ProjectConfigurationPlatforms) = postSolution
		{6F9A05EA-84A9-4F9E-91DB-AA7C41575BF6}.Debug|Any CPU.ActiveCfg = Debug|Any CPU
		{6F9A05EA-84A9-4F9E-91DB-AA7C41575BF6}.Debug|Any CPU.Build.0 = Debug|Any CPU
		{6F9A05EA-84A9-4F9E-91DB-AA7C41575BF6}.Release|Any CPU.ActiveCfg = Release|Any CPU
		{6F9A05EA-84A9-4F9E-91DB-AA7C41575BF6}.Release|Any CPU.Build.0 = Release|Any CPU
		{C1227E61-3346-450F-A2AE-29F5C5D3D5FE}.Debug|Any CPU.ActiveCfg = Debug|Any CPU
		{C1227E61-3346-450F-A2AE-29F5C5D3D5FE}.Debug|Any CPU.Build.0 = Debug|Any CPU
		{C1227E61-3346-450F-A2AE-29F5C5D3D5FE}.Release|Any CPU.ActiveCfg = Release|Any CPU
		{C1227E61-3346-450F-A2AE-29F5C5D3D5FE}.Release|Any CPU.Build.0 = Release|Any CPU
		{BB3D6EA6-CA3A-4A39-90C1-7F55FBA12372}.Debug|Any CPU.ActiveCfg = Debug|Any CPU
		{BB3D6EA6-CA3A-4A39-90C1-7F55FBA12372}.Debug|Any CPU.Build.0 = Debug|Any CPU
		{BB3D6EA6-CA3A-4A39-90C1-7F55FBA12372}.Release|Any CPU.ActiveCfg = Release|Any CPU
		{BB3D6EA6-CA3A-4A39-90C1-7F55FBA12372}.Release|Any CPU.Build.0 = Release|Any CPU
	EndGlobalSection
	GlobalSection(SolutionProperties) = preSolution
		HideSolutionNode = FALSE
	EndGlobalSection
	GlobalSection(ExtensibilityGlobals) = postSolution
		SolutionGuid = {80F4FCD2-0EB5-4445-9F4A-190A0A0BAF37}
	EndGlobalSection
EndGlobal
